
Microsoft Visual Studio Solution File, Format Version 12.00
# Visual Studio 15
VisualStudioVersion = 15.0.27703.2026
MinimumVisualStudioVersion = 10.0.40219.1
Project("{FAE04EC0-301F-11D3-BF4B-00C04F79EFBC}") = "CountryAPI", "CountryAPI\CountryAPI.csproj", "{2986C882-27B7-47AE-A5BB-4E44D1845554}"
EndProject
Global
	GlobalSection(SolutionConfigurationPlatforms) = preSolution
		Debug|Any CPU = Debug|Any CPU
		Release|Any CPU = Release|Any CPU
	EndGlobalSection
	GlobalSection(ProjectConfigurationPlatforms) = postSolution
		{2986C882-27B7-47AE-A5BB-4E44D1845554}.Debug|Any CPU.ActiveCfg = Debug|Any CPU
		{2986C882-27B7-47AE-A5BB-4E44D1845554}.Debug|Any CPU.Build.0 = Debug|Any CPU
		{2986C882-27B7-47AE-A5BB-4E44D1845554}.Release|Any CPU.ActiveCfg = Release|Any CPU
		{2986C882-27B7-47AE-A5BB-4E44D1845554}.Release|Any CPU.Build.0 = Release|Any CPU
	EndGlobalSection
	GlobalSection(SolutionProperties) = preSolution
		HideSolutionNode = FALSE
	EndGlobalSection
	GlobalSection(ExtensibilityGlobals) = postSolution
		SolutionGuid = {8EE5F401-DDD5-4D41-A6A8-D6FAFDA332A3}
	EndGlobalSection
EndGlobal
